{
  "name": "TP-DdeS",
  "lockfileVersion": 3,
  "requires": true,
  "packages": {
    "": {
      "dependencies": {
        "sweetalert2": "^11.15.10"
      }
    },
    "node_modules/sweetalert2": {
      "version": "11.15.10",
      "resolved": "https://registry.npmjs.org/sweetalert2/-/sweetalert2-11.15.10.tgz",
      "integrity": "sha512-Sjiwcd5mWiz8X0JFkHsso2EPVQHrLCjVv+xR6Ry2LKf4KY6kSi4U5pM0Tgmn1c7SMfkyDqPal2NWqwj6vck8bw==",
      "funding": {
        "type": "individual",
        "url": "https://github.com/sponsors/limonte"
      }
    }
  }
}
