lockfileVersion: '9.0'

settings:
  autoInstallPeers: true
  excludeLinksFromLockfile: false

importers:

  .:
    dependencies:
      mongodb:
        specifier: ^6.8.0
        version: 6.8.0
    devDependencies:
      typescript:
        specifier: ^5.5.2
        version: 5.5.2

packages:

  '@mongodb-js/saslprep@1.1.7':
    resolution: {integrity: sha512-dCHW/oEX0KJ4NjDULBo3JiOaK5+6axtpBbS+ao2ZInoAL9/YRQLhXzSNAFz7hP4nzLkIqsfYAK/PDE3+XHny0Q==}

  '@types/webidl-conversions@7.0.3':
    resolution: {integrity: sha512-CiJJvcRtIgzadHCYXw7dqEnMNRjhGZlYK05Mj9OyktqV8uVT8fD2BFOB7S1uwBE3Kj2Z+4UyPmFw/Ixgw/LAlA==}

  '@types/whatwg-url@11.0.5':
    resolution: {integrity: sha512-coYR071JRaHa+xoEvvYqvnIHaVqaYrLPbsufM9BF63HkwI5Lgmy2QR8Q5K/lYDYo5AK82wOvSOS0UsLTpTG7uQ==}

  bson@6.8.0:
    resolution: {integrity: sha512-iOJg8pr7wq2tg/zSlCCHMi3hMm5JTOxLTagf3zxhcenHsFp+c6uOs6K7W5UE7A4QIJGtqh/ZovFNMP4mOPJynQ==}
    engines: {node: '>=16.20.1'}

  memory-pager@1.5.0:
    resolution: {integrity: sha512-ZS4Bp4r/Zoeq6+NLJpP+0Zzm0pR8whtGPf1XExKLJBAczGMnSi3It14OiNCStjQjM6NU1okjQGSxgEZN8eBYKg==}

  mongodb-connection-string-url@3.0.1:
    resolution: {integrity: sha512-XqMGwRX0Lgn05TDB4PyG2h2kKO/FfWJyCzYQbIhXUxz7ETt0I/FqHjUeqj37irJ+Dl1ZtU82uYyj14u2XsZKfg==}

  mongodb@6.8.0:
    resolution: {integrity: sha512-HGQ9NWDle5WvwMnrvUxsFYPd3JEbqD3RgABHBQRuoCEND0qzhsd0iH5ypHsf1eJ+sXmvmyKpP+FLOKY8Il7jMw==}
    engines: {node: '>=16.20.1'}
    peerDependencies:
      '@aws-sdk/credential-providers': ^3.188.0
      '@mongodb-js/zstd': ^1.1.0
      gcp-metadata: ^5.2.0
      kerberos: ^2.0.1
      mongodb-client-encryption: '>=6.0.0 <7'
      snappy: ^7.2.2
      socks: ^2.7.1
    peerDependenciesMeta:
      '@aws-sdk/credential-providers':
        optional: true
      '@mongodb-js/zstd':
        optional: true
      gcp-metadata:
        optional: true
      kerberos:
        optional: true
      mongodb-client-encryption:
        optional: true
      snappy:
        optional: true
      socks:
        optional: true

  punycode@2.3.1:
    resolution: {integrity: sha512-vYt7UD1U9Wg6138shLtLOvdAu+8DsC/ilFtEVHcH+wydcSpNE20AfSOduf6MkRFahL5FY7X1oU7nKVZFtfq8Fg==}
    engines: {node: '>=6'}

  sparse-bitfield@3.0.3:
    resolution: {integrity: sha512-kvzhi7vqKTfkh0PZU+2D2PIllw2ymqJKujUcyPMd9Y75Nv4nPbGJZXNhxsgdQab2BmlDct1YnfQCguEvHr7VsQ==}

  tr46@4.1.1:
    resolution: {integrity: sha512-2lv/66T7e5yNyhAAC4NaKe5nVavzuGJQVVtRYLyQ2OI8tsJ61PMLlelehb0wi2Hx6+hT/OJUWZcw8MjlSRnxvw==}
    engines: {node: '>=14'}

  typescript@5.5.2:
    resolution: {integrity: sha512-NcRtPEOsPFFWjobJEtfihkLCZCXZt/os3zf8nTxjVH3RvTSxjrCamJpbExGvYOF+tFHc3pA65qpdwPbzjohhew==}
    engines: {node: '>=14.17'}
    hasBin: true

  webidl-conversions@7.0.0:
    resolution: {integrity: sha512-VwddBukDzu71offAQR975unBIGqfKZpM+8ZX6ySk8nYhVoo5CYaZyzt3YBvYtRtO+aoGlqxPg/B87NGVZ/fu6g==}
    engines: {node: '>=12'}

  whatwg-url@13.0.0:
    resolution: {integrity: sha512-9WWbymnqj57+XEuqADHrCJ2eSXzn8WXIW/YSGaZtb2WKAInQ6CHfaUUcTyyver0p8BDg5StLQq8h1vtZuwmOig==}
    engines: {node: '>=16'}

snapshots:

  '@mongodb-js/saslprep@1.1.7':
    dependencies:
      sparse-bitfield: 3.0.3

  '@types/webidl-conversions@7.0.3': {}

  '@types/whatwg-url@11.0.5':
    dependencies:
      '@types/webidl-conversions': 7.0.3

  bson@6.8.0: {}

  memory-pager@1.5.0: {}

  mongodb-connection-string-url@3.0.1:
    dependencies:
      '@types/whatwg-url': 11.0.5
      whatwg-url: 13.0.0

  mongodb@6.8.0:
    dependencies:
      '@mongodb-js/saslprep': 1.1.7
      bson: 6.8.0
      mongodb-connection-string-url: 3.0.1

  punycode@2.3.1: {}

  sparse-bitfield@3.0.3:
    dependencies:
      memory-pager: 1.5.0

  tr46@4.1.1:
    dependencies:
      punycode: 2.3.1

  typescript@5.5.2: {}

  webidl-conversions@7.0.0: {}

  whatwg-url@13.0.0:
    dependencies:
      tr46: 4.1.1
      webidl-conversions: 7.0.0
